{
  "name": "cowork-flow",
  "version": "1.8.0",
  "lockfileVersion": 5,
  "requires": true,
  "packages": {
    "": {
      "name": "cowork-flow",
      "version": "1.8.0",
      "license": "MIT",
      "bin": {
        "cowork-flow": "bin/cowork-flow.js",
        "cwf": "bin/cowork-flow.js"
      },
      "engines": {
        "node": ">=20"
      }
    }
  }
}
